
Microsoft Visual Studio Solution File, Format Version 12.00
# Visual Studio 15
VisualStudioVersion = 15.0.27130.2020
MinimumVisualStudioVersion = 10.0.40219.1
Project("{FAE04EC0-301F-11D3-BF4B-00C04F79EFBC}") = "OSPSuite-64bit", "OSPSuite-64bit\OSPSuite-64bit.csproj", "{15E34FF6-ACA9-448A-A3E2-6B1C5928B8A0}"
EndProject
Project("{FAE04EC0-301F-11D3-BF4B-00C04F79EFBC}") = "OSPSuite.TeXReporting", "OSPSuite.TeXReporting\OSPSuite.TeXReporting.csproj", "{4EFB5757-F1B4-4E57-99ED-DBFB57C7E991}"
EndProject
Global
	GlobalSection(SolutionConfigurationPlatforms) = preSolution
		Debug|Any CPU = Debug|Any CPU
		Debug|x64 = Debug|x64
		Release|Any CPU = Release|Any CPU
		Release|x64 = Release|x64
	EndGlobalSection
	GlobalSection(ProjectConfigurationPlatforms) = postSolution
		{15E34FF6-ACA9-448A-A3E2-6B1C5928B8A0}.Debug|Any CPU.ActiveCfg = Debug|Any CPU
		{15E34FF6-ACA9-448A-A3E2-6B1C5928B8A0}.Debug|Any CPU.Build.0 = Debug|Any CPU
		{15E34FF6-ACA9-448A-A3E2-6B1C5928B8A0}.Debug|x64.ActiveCfg = Debug|Any CPU
		{15E34FF6-ACA9-448A-A3E2-6B1C5928B8A0}.Debug|x64.Build.0 = Debug|Any CPU
		{15E34FF6-ACA9-448A-A3E2-6B1C5928B8A0}.Release|Any CPU.ActiveCfg = Release|Any CPU
		{15E34FF6-ACA9-448A-A3E2-6B1C5928B8A0}.Release|Any CPU.Build.0 = Release|Any CPU
		{15E34FF6-ACA9-448A-A3E2-6B1C5928B8A0}.Release|x64.ActiveCfg = Release|Any CPU
		{15E34FF6-ACA9-448A-A3E2-6B1C5928B8A0}.Release|x64.Build.0 = Release|Any CPU
		{4EFB5757-F1B4-4E57-99ED-DBFB57C7E991}.Debug|Any CPU.ActiveCfg = Debug|Any CPU
		{4EFB5757-F1B4-4E57-99ED-DBFB57C7E991}.Debug|Any CPU.Build.0 = Debug|Any CPU
		{4EFB5757-F1B4-4E57-99ED-DBFB57C7E991}.Debug|x64.ActiveCfg = Debug|Any CPU
		{4EFB5757-F1B4-4E57-99ED-DBFB57C7E991}.Debug|x64.Build.0 = Debug|Any CPU
		{4EFB5757-F1B4-4E57-99ED-DBFB57C7E991}.Release|Any CPU.ActiveCfg = Release|Any CPU
		{4EFB5757-F1B4-4E57-99ED-DBFB57C7E991}.Release|Any CPU.Build.0 = Release|Any CPU
		{4EFB5757-F1B4-4E57-99ED-DBFB57C7E991}.Release|x64.ActiveCfg = Release|Any CPU
		{4EFB5757-F1B4-4E57-99ED-DBFB57C7E991}.Release|x64.Build.0 = Release|Any CPU
	EndGlobalSection
	GlobalSection(SolutionProperties) = preSolution
		HideSolutionNode = FALSE
	EndGlobalSection
	GlobalSection(ExtensibilityGlobals) = postSolution
		SolutionGuid = {4A2E2B54-E153-4ABF-8476-13F743916262}
	EndGlobalSection
EndGlobal
